// !$*UTF8*$!
{
	archiveVersion = 1;
	classes = {
	};
	objectVersion = 46;
	objects = {

/* Begin PBXBuildFile section */
		18BC14CF1F1F173500F533FA /* AppDelegate.swift in Sources */ = {isa = PBXBuildFile; fileRef = 18BC14CE1F1F173500F533FA /* AppDelegate.swift */; };
		18BC14D41F1F173500F533FA /* Main.storyboard in Resources */ = {isa = PBXBuildFile; fileRef = 18BC14D21F1F173500F533FA /* Main.storyboard */; };
		18BC14D71F1F173500F533FA /* SimpleTableView.xcdatamodeld in Sources */ = {isa = PBXBuildFile; fileRef = 18BC14D51F1F173500F533FA /* SimpleTableView.xcdatamodeld */; };
		18BC14D91F1F173500F533FA /* Assets.xcassets in Resources */ = {isa = PBXBuildFile; fileRef = 18BC14D81F1F173500F533FA /* Assets.xcassets */; };
		18BC14DC1F1F173500F533FA /* LaunchScreen.storyboard in Resources */ = {isa = PBXBuildFile; fileRef = 18BC14DA1F1F173500F533FA /* LaunchScreen.storyboard */; };
		18BC14E51F1F1A7E00F533FA /* StartViewController.swift in Sources */ = {isa = PBXBuildFile; fileRef = 18BC14E41F1F1A7E00F533FA /* StartViewController.swift */; };
		18BC14E71F1F1BF300F533FA /* MapKit.framework in Frameworks */ = {isa = PBXBuildFile; fileRef = 18BC14E61F1F1BF300F533FA /* MapKit.framework */; };
		18BC14E91F1F1D0400F533FA /* MapKit+CoreLocationRelative.swift in Sources */ = {isa = PBXBuildFile; fileRef = 18BC14E81F1F1D0400F533FA /* MapKit+CoreLocationRelative.swift */; };
		18BC14EC1F1F211800F533FA /* ExploreTableViewController.swift in Sources */ = {isa = PBXBuildFile; fileRef = 18BC14EB1F1F211800F533FA /* ExploreTableViewController.swift */; };
		18BC14EE1F1F212600F533FA /* FavoritesTableViewController.swift in Sources */ = {isa = PBXBuildFile; fileRef = 18BC14ED1F1F212600F533FA /* FavoritesTableViewController.swift */; };
		18BC14F11F1F215700F533FA /* ItemTableViewCell.swift in Sources */ = {isa = PBXBuildFile; fileRef = 18BC14EF1F1F215700F533FA /* ItemTableViewCell.swift */; };
		18BC14F21F1F215700F533FA /* ItemTableViewCell.xib in Resources */ = {isa = PBXBuildFile; fileRef = 18BC14F01F1F215700F533FA /* ItemTableViewCell.xib */; };
		18BC14F41F1F241200F533FA /* BaseTableViewController.swift in Sources */ = {isa = PBXBuildFile; fileRef = 18BC14F31F1F241200F533FA /* BaseTableViewController.swift */; };
		18BC14F61F1F2D2200F533FA /* Shop.swift in Sources */ = {isa = PBXBuildFile; fileRef = 18BC14F51F1F2D2200F533FA /* Shop.swift */; };
		18BC14F81F1F359500F533FA /* DetailViewController.swift in Sources */ = {isa = PBXBuildFile; fileRef = 18BC14F71F1F359500F533FA /* DetailViewController.swift */; };
		18BC14FA1F1F37C200F533FA /* MyShop.swift in Sources */ = {isa = PBXBuildFile; fileRef = 18BC14F91F1F37C200F533FA /* MyShop.swift */; };
		E88E497FAD1AE3D8BED2A6E5 /* Pods_SimpleTableView.framework in Frameworks */ = {isa = PBXBuildFile; fileRef = 4503DB5F9B8EFAAED6598DD4 /* Pods_SimpleTableView.framework */; };
/* End PBXBuildFile section */

/* Begin PBXFileReference section */
		18BC14CB1F1F173500F533FA /* SimpleTableView.app */ = {isa = PBXFileReference; explicitFileType = wrapper.application; includeInIndex = 0; path = SimpleTableView.app; sourceTree = BUILT_PRODUCTS_DIR; };
		18BC14CE1F1F173500F533FA /* AppDelegate.swift */ = {isa = PBXFileReference; lastKnownFileType = sourcecode.swift; path = AppDelegate.swift; sourceTree = "<group>"; };
		18BC14D31F1F173500F533FA /* Base */ = {isa = PBXFileReference; lastKnownFileType = file.storyboard; name = Base; path = Base.lproj/Main.storyboard; sourceTree = "<group>"; };
		18BC14D61F1F173500F533FA /* SimpleTableView.xcdatamodel */ = {isa = PBXFileReference; lastKnownFileType = wrapper.xcdatamodel; path = SimpleTableView.xcdatamodel; sourceTree = "<group>"; };
		18BC14D81F1F173500F533FA /* Assets.xcassets */ = {isa = PBXFileReference; lastKnownFileType = folder.assetcatalog; path = Assets.xcassets; sourceTree = "<group>"; };
		18BC14DB1F1F173500F533FA /* Base */ = {isa = PBXFileReference; lastKnownFileType = file.storyboard; name = Base; path = Base.lproj/LaunchScreen.storyboard; sourceTree = "<group>"; };
		18BC14DD1F1F173500F533FA /* Info.plist */ = {isa = PBXFileReference; lastKnownFileType = text.plist.xml; path = Info.plist; sourceTree = "<group>"; };
		18BC14E41F1F1A7E00F533FA /* StartViewController.swift */ = {isa = PBXFileReference; fileEncoding = 4; lastKnownFileType = sourcecode.swift; path = StartViewController.swift; sourceTree = "<group>"; };
		18BC14E61F1F1BF300F533FA /* MapKit.framework */ = {isa = PBXFileReference; lastKnownFileType = wrapper.framework; name = MapKit.framework; path = System/Library/Frameworks/MapKit.framework; sourceTree = SDKROOT; };
		18BC14E81F1F1D0400F533FA /* MapKit+CoreLocationRelative.swift */ = {isa = PBXFileReference; fileEncoding = 4; lastKnownFileType = sourcecode.swift; path = "MapKit+CoreLocationRelative.swift"; sourceTree = "<group>"; };
		18BC14EB1F1F211800F533FA /* ExploreTableViewController.swift */ = {isa = PBXFileReference; fileEncoding = 4; lastKnownFileType = sourcecode.swift; path = ExploreTableViewController.swift; sourceTree = "<group>"; };
		18BC14ED1F1F212600F533FA /* FavoritesTableViewController.swift */ = {isa = PBXFileReference; fileEncoding = 4; lastKnownFileType = sourcecode.swift; path = FavoritesTableViewController.swift; sourceTree = "<group>"; };
		18BC14EF1F1F215700F533FA /* ItemTableViewCell.swift */ = {isa = PBXFileReference; fileEncoding = 4; lastKnownFileType = sourcecode.swift; path = ItemTableViewCell.swift; sourceTree = "<group>"; };
		18BC14F01F1F215700F533FA /* ItemTableViewCell.xib */ = {isa = PBXFileReference; fileEncoding = 4; lastKnownFileType = file.xib; path = ItemTableViewCell.xib; sourceTree = "<group>"; };
		18BC14F31F1F241200F533FA /* BaseTableViewController.swift */ = {isa = PBXFileReference; fileEncoding = 4; lastKnownFileType = sourcecode.swift; path = BaseTableViewController.swift; sourceTree = "<group>"; };
		18BC14F51F1F2D2200F533FA /* Shop.swift */ = {isa = PBXFileReference; fileEncoding = 4; lastKnownFileType = sourcecode.swift; path = Shop.swift; sourceTree = "<group>"; };
		18BC14F71F1F359500F533FA /* DetailViewController.swift */ = {isa = PBXFileReference; fileEncoding = 4; lastKnownFileType = sourcecode.swift; path = DetailViewController.swift; sourceTree = "<group>"; };
		18BC14F91F1F37C200F533FA /* MyShop.swift */ = {isa = PBXFileReference; fileEncoding = 4; lastKnownFileType = sourcecode.swift; path = MyShop.swift; sourceTree = "<group>"; };
		192717E4BE1BCA1AC50B965A /* Pods-SimpleTableView.release.xcconfig */ = {isa = PBXFileReference; includeInIndex = 1; lastKnownFileType = text.xcconfig; name = "Pods-SimpleTableView.release.xcconfig"; path = "Pods/Target Support Files/Pods-SimpleTableView/Pods-SimpleTableView.release.xcconfig"; sourceTree = "<group>"; };
		4503DB5F9B8EFAAED6598DD4 /* Pods_SimpleTableView.framework */ = {isa = PBXFileReference; explicitFileType = wrapper.framework; includeInIndex = 0; path = Pods_SimpleTableView.framework; sourceTree = BUILT_PRODUCTS_DIR; };
		FA931FEAE4674FC57F438CFA /* Pods-SimpleTableView.debug.xcconfig */ = {isa = PBXFileReference; includeInIndex = 1; lastKnownFileType = text.xcconfig; name = "Pods-SimpleTableView.debug.xcconfig"; path = "Pods/Target Support Files/Pods-SimpleTableView/Pods-SimpleTableView.debug.xcconfig"; sourceTree = "<group>"; };
/* End PBXFileReference section */

/* Begin PBXFrameworksBuildPhase section */
		18BC14C81F1F173500F533FA /* Frameworks */ = {
			isa = PBXFrameworksBuildPhase;
			buildActionMask = 2147483647;
			files = (
				18BC14E71F1F1BF300F533FA /* MapKit.framework in Frameworks */,
				E88E497FAD1AE3D8BED2A6E5 /* Pods_SimpleTableView.framework in Frameworks */,
			);
			runOnlyForDeploymentPostprocessing = 0;
		};
/* End PBXFrameworksBuildPhase section */

/* Begin PBXGroup section */
		18BC14C21F1F173500F533FA = {
			isa = PBXGroup;
			children = (
				18BC14CD1F1F173500F533FA /* SimpleTableView */,
				18BC14CC1F1F173500F533FA /* Products */,
				CDE9E4205E67AF5E5B9B6048 /* Pods */,
				44483E734B791CD1497C1CCC /* Frameworks */,
			);
			sourceTree = "<group>";
		};
		18BC14CC1F1F173500F533FA /* Products */ = {
			isa = PBXGroup;
			children = (
				18BC14CB1F1F173500F533FA /* SimpleTableView.app */,
			);
			name = Products;
			sourceTree = "<group>";
		};
		18BC14CD1F1F173500F533FA /* SimpleTableView */ = {
			isa = PBXGroup;
			children = (
				18BC14E31F1F1A6500F533FA /* Supporting Files */,
				18BC14D21F1F173500F533FA /* Main.storyboard */,
				18BC14D51F1F173500F533FA /* SimpleTableView.xcdatamodeld */,
				18BC14E41F1F1A7E00F533FA /* StartViewController.swift */,
				18BC14E81F1F1D0400F533FA /* MapKit+CoreLocationRelative.swift */,
				18BC14EB1F1F211800F533FA /* ExploreTableViewController.swift */,
				18BC14ED1F1F212600F533FA /* FavoritesTableViewController.swift */,
				18BC14F71F1F359500F533FA /* DetailViewController.swift */,
				18BC14F31F1F241200F533FA /* BaseTableViewController.swift */,
				18BC14EF1F1F215700F533FA /* ItemTableViewCell.swift */,
				18BC14F01F1F215700F533FA /* ItemTableViewCell.xib */,
				18BC14F51F1F2D2200F533FA /* Shop.swift */,
				18BC14F91F1F37C200F533FA /* MyShop.swift */,
			);
			path = SimpleTableView;
			sourceTree = "<group>";
		};
		18BC14E31F1F1A6500F533FA /* Supporting Files */ = {
			isa = PBXGroup;
			children = (
				18BC14CE1F1F173500F533FA /* AppDelegate.swift */,
				18BC14DA1F1F173500F533FA /* LaunchScreen.storyboard */,
				18BC14DD1F1F173500F533FA /* Info.plist */,
				18BC14D81F1F173500F533FA /* Assets.xcassets */,
			);
			name = "Supporting Files";
			sourceTree = "<group>";
		};
		44483E734B791CD1497C1CCC /* Frameworks */ = {
			isa = PBXGroup;
			children = (
				18BC14E61F1F1BF300F533FA /* MapKit.framework */,
				4503DB5F9B8EFAAED6598DD4 /* Pods_SimpleTableView.framework */,
			);
			name = Frameworks;
			sourceTree = "<group>";
		};
		CDE9E4205E67AF5E5B9B6048 /* Pods */ = {
			isa = PBXGroup;
			children = (
				FA931FEAE4674FC57F438CFA /* Pods-SimpleTableView.debug.xcconfig */,
				192717E4BE1BCA1AC50B965A /* Pods-SimpleTableView.release.xcconfig */,
			);
			name = Pods;
			sourceTree = "<group>";
		};
/* End PBXGroup section */

/* Begin PBXNativeTarget section */
		18BC14CA1F1F173500F533FA /* SimpleTableView */ = {
			isa = PBXNativeTarget;
			buildConfigurationList = 18BC14E01F1F173500F533FA /* Build configuration list for PBXNativeTarget "SimpleTableView" */;
			buildPhases = (
				CF5CC1537EF1DE8642141E24 /* [CP] Check Pods Manifest.lock */,
				18BC14C71F1F173500F533FA /* Sources */,
				18BC14C81F1F173500F533FA /* Frameworks */,
				18BC14C91F1F173500F533FA /* Resources */,
				C67078F9B7AFF7094D99D143 /* [CP] Embed Pods Frameworks */,
				EB4ABA5738C1EE149EE95C4A /* [CP] Copy Pods Resources */,
			);
			buildRules = (
			);
			dependencies = (
			);
			name = SimpleTableView;
			productName = SimpleTableView;
			productReference = 18BC14CB1F1F173500F533FA /* SimpleTableView.app */;
			productType = "com.apple.product-type.application";
		};
/* End PBXNativeTarget section */

/* Begin PBXProject section */
		18BC14C31F1F173500F533FA /* Project object */ = {
			isa = PBXProject;
			attributes = {
				LastSwiftUpdateCheck = 0830;
				LastUpgradeCheck = 0830;
				ORGANIZATIONNAME = greatwall;
				TargetAttributes = {
					18BC14CA1F1F173500F533FA = {
						CreatedOnToolsVersion = 8.3.2;
						DevelopmentTeam = W2MFT9HK9F;
						ProvisioningStyle = Automatic;
						SystemCapabilities = {
							com.apple.Maps.iOS = {
								enabled = 1;
							};
						};
					};
				};
			};
			buildConfigurationList = 18BC14C61F1F173500F533FA /* Build configuration list for PBXProject "SimpleTableView" */;
			compatibilityVersion = "Xcode 3.2";
			developmentRegion = English;
			hasScannedForEncodings = 0;
			knownRegions = (
				en,
				Base,
			);
			mainGroup = 18BC14C21F1F173500F533FA;
			productRefGroup = 18BC14CC1F1F173500F533FA /* Products */;
			projectDirPath = "";
			projectRoot = "";
			targets = (
				18BC14CA1F1F173500F533FA /* SimpleTableView */,
			);
		};
/* End PBXProject section */

/* Begin PBXResourcesBuildPhase section */
		18BC14C91F1F173500F533FA /* Resources */ = {
			isa = PBXResourcesBuildPhase;
			buildActionMask = 2147483647;
			files = (
				18BC14F21F1F215700F533FA /* ItemTableViewCell.xib in Resources */,
				18BC14DC1F1F173500F533FA /* LaunchScreen.storyboard in Resources */,
				18BC14D91F1F173500F533FA /* Assets.xcassets in Resources */,
				18BC14D41F1F173500F533FA /* Main.storyboard in Resources */,
			);
			runOnlyForDeploymentPostprocessing = 0;
		};
/* End PBXResourcesBuildPhase section */

/* Begin PBXShellScriptBuildPhase section */
		C67078F9B7AFF7094D99D143 /* [CP] Embed Pods Frameworks */ = {
			isa = PBXShellScriptBuildPhase;
			buildActionMask = 2147483647;
			files = (
			);
			inputPaths = (
			);
			name = "[CP] Embed Pods Frameworks";
			outputPaths = (
			);
			runOnlyForDeploymentPostprocessing = 0;
			shellPath = /bin/sh;
			shellScript = "\"${SRCROOT}/Pods/Target Support Files/Pods-SimpleTableView/Pods-SimpleTableView-frameworks.sh\"\n";
			showEnvVarsInLog = 0;
		};
		CF5CC1537EF1DE8642141E24 /* [CP] Check Pods Manifest.lock */ = {
			isa = PBXShellScriptBuildPhase;
			buildActionMask = 2147483647;
			files = (
			);
			inputPaths = (
			);
			name = "[CP] Check Pods Manifest.lock";
			outputPaths = (
			);
			runOnlyForDeploymentPostprocessing = 0;
			shellPath = /bin/sh;
			shellScript = "diff \"${PODS_PODFILE_DIR_PATH}/Podfile.lock\" \"${PODS_ROOT}/Manifest.lock\" > /dev/null\nif [ $? != 0 ] ; then\n    # print error to STDERR\n    echo \"error: The sandbox is not in sync with the Podfile.lock. Run 'pod install' or update your CocoaPods installation.\" >&2\n    exit 1\nfi\n";
			showEnvVarsInLog = 0;
		};
		EB4ABA5738C1EE149EE95C4A /* [CP] Copy Pods Resources */ = {
			isa = PBXShellScriptBuildPhase;
			buildActionMask = 2147483647;
			files = (
			);
			inputPaths = (
			);
			name = "[CP] Copy Pods Resources";
			outputPaths = (
			);
			runOnlyForDeploymentPostprocessing = 0;
			shellPath = /bin/sh;
			shellScript = "\"${SRCROOT}/Pods/Target Support Files/Pods-SimpleTableView/Pods-SimpleTableView-resources.sh\"\n";
			showEnvVarsInLog = 0;
		};
/* End PBXShellScriptBuildPhase section */

/* Begin PBXSourcesBuildPhase section */
		18BC14C71F1F173500F533FA /* Sources */ = {
			isa = PBXSourcesBuildPhase;
			buildActionMask = 2147483647;
			files = (
				18BC14EC1F1F211800F533FA /* ExploreTableViewController.swift in Sources */,
				18BC14D71F1F173500F533FA /* SimpleTableView.xcdatamodeld in Sources */,
				18BC14F41F1F241200F533FA /* BaseTableViewController.swift in Sources */,
				18BC14E91F1F1D0400F533FA /* MapKit+CoreLocationRelative.swift in Sources */,
				18BC14FA1F1F37C200F533FA /* MyShop.swift in Sources */,
				18BC14EE1F1F212600F533FA /* FavoritesTableViewController.swift in Sources */,
				18BC14CF1F1F173500F533FA /* AppDelegate.swift in Sources */,
				18BC14F61F1F2D2200F533FA /* Shop.swift in Sources */,
				18BC14F81F1F359500F533FA /* DetailViewController.swift in Sources */,
				18BC14F11F1F215700F533FA /* ItemTableViewCell.swift in Sources */,
				18BC14E51F1F1A7E00F533FA /* StartViewController.swift in Sources */,
			);
			runOnlyForDeploymentPostprocessing = 0;
		};
/* End PBXSourcesBuildPhase section */

/* Begin PBXVariantGroup section */
		18BC14D21F1F173500F533FA /* Main.storyboard */ = {
			isa = PBXVariantGroup;
			children = (
				18BC14D31F1F173500F533FA /* Base */,
			);
			name = Main.storyboard;
			sourceTree = "<group>";
		};
		18BC14DA1F1F173500F533FA /* LaunchScreen.storyboard */ = {
			isa = PBXVariantGroup;
			children = (
				18BC14DB1F1F173500F533FA /* Base */,
			);
			name = LaunchScreen.storyboard;
			sourceTree = "<group>";
		};
/* End PBXVariantGroup section */

/* Begin XCBuildConfiguration section */
		18BC14DE1F1F173500F533FA /* Debug */ = {
			isa = XCBuildConfiguration;
			buildSettings = {
				ALWAYS_SEARCH_USER_PATHS = NO;
				CLANG_ANALYZER_NONNULL = YES;
				CLANG_ANALYZER_NUMBER_OBJECT_CONVERSION = YES_AGGRESSIVE;
				CLANG_CXX_LANGUAGE_STANDARD = "gnu++0x";
				CLANG_CXX_LIBRARY = "libc++";
				CLANG_ENABLE_MODULES = YES;
				CLANG_ENABLE_OBJC_ARC = YES;
				CLANG_WARN_BOOL_CONVERSION = YES;
				CLANG_WARN_CONSTANT_CONVERSION = YES;
				CLANG_WARN_DIRECT_OBJC_ISA_USAGE = YES_ERROR;
				CLANG_WARN_DOCUMENTATION_COMMENTS = YES;
				CLANG_WARN_EMPTY_BODY = YES;
				CLANG_WARN_ENUM_CONVERSION = YES;
				CLANG_WARN_INFINITE_RECURSION = YES;
				CLANG_WARN_INT_CONVERSION = YES;
				CLANG_WARN_OBJC_ROOT_CLASS = YES_ERROR;
				CLANG_WARN_SUSPICIOUS_MOVE = YES;
				CLANG_WARN_UNREACHABLE_CODE = YES;
				CLANG_WARN__DUPLICATE_METHOD_MATCH = YES;
				"CODE_SIGN_IDENTITY[sdk=iphoneos*]" = "iPhone Developer";
				COPY_PHASE_STRIP = NO;
				DEBUG_INFORMATION_FORMAT = dwarf;
				ENABLE_STRICT_OBJC_MSGSEND = YES;
				ENABLE_TESTABILITY = YES;
				GCC_C_LANGUAGE_STANDARD = gnu99;
				GCC_DYNAMIC_NO_PIC = NO;
				GCC_NO_COMMON_BLOCKS = YES;
				GCC_OPTIMIZATION_LEVEL = 0;
				GCC_PREPROCESSOR_DEFINITIONS = (
					"DEBUG=1",
					"$(inherited)",
				);
				GCC_WARN_64_TO_32_BIT_CONVERSION = YES;
				GCC_WARN_ABOUT_RETURN_TYPE = YES_ERROR;
				GCC_WARN_UNDECLARED_SELECTOR = YES;
				GCC_WARN_UNINITIALIZED_AUTOS = YES_AGGRESSIVE;
				GCC_WARN_UNUSED_FUNCTION = YES;
				GCC_WARN_UNUSED_VARIABLE = YES;
				IPHONEOS_DEPLOYMENT_TARGET = 10.3;
				MTL_ENABLE_DEBUG_INFO = YES;
				ONLY_ACTIVE_ARCH = YES;
				SDKROOT = iphoneos;
				SWIFT_ACTIVE_COMPILATION_CONDITIONS = DEBUG;
				SWIFT_OPTIMIZATION_LEVEL = "-Onone";
			};
			name = Debug;
		};
		18BC14DF1F1F173500F533FA /* Release */ = {
			isa = XCBuildConfiguration;
			buildSettings = {
				ALWAYS_SEARCH_USER_PATHS = NO;
				CLANG_ANALYZER_NONNULL = YES;
				CLANG_ANALYZER_NUMBER_OBJECT_CONVERSION = YES_AGGRESSIVE;
				CLANG_CXX_LANGUAGE_STANDARD = "gnu++0x";
				CLANG_CXX_LIBRARY = "libc++";
				CLANG_ENABLE_MODULES = YES;
				CLANG_ENABLE_OBJC_ARC = YES;
				CLANG_WARN_BOOL_CONVERSION = YES;
				CLANG_WARN_CONSTANT_CONVERSION = YES;
				CLANG_WARN_DIRECT_OBJC_ISA_USAGE = YES_ERROR;
				CLANG_WARN_DOCUMENTATION_COMMENTS = YES;
				CLANG_WARN_EMPTY_BODY = YES;
				CLANG_WARN_ENUM_CONVERSION = YES;
				CLANG_WARN_INFINITE_RECURSION = YES;
				CLANG_WARN_INT_CONVERSION = YES;
				CLANG_WARN_OBJC_ROOT_CLASS = YES_ERROR;
				CLANG_WARN_SUSPICIOUS_MOVE = YES;
				CLANG_WARN_UNREACHABLE_CODE = YES;
				CLANG_WARN__DUPLICATE_METHOD_MATCH = YES;
				"CODE_SIGN_IDENTITY[sdk=iphoneos*]" = "iPhone Developer";
				COPY_PHASE_STRIP = NO;
				DEBUG_INFORMATION_FORMAT = "dwarf-with-dsym";
				ENABLE_NS_ASSERTIONS = NO;
				ENABLE_STRICT_OBJC_MSGSEND = YES;
				GCC_C_LANGUAGE_STANDARD = gnu99;
				GCC_NO_COMMON_BLOCKS = YES;
				GCC_WARN_64_TO_32_BIT_CONVERSION = YES;
				GCC_WARN_ABOUT_RETURN_TYPE = YES_ERROR;
				GCC_WARN_UNDECLARED_SELECTOR = YES;
				GCC_WARN_UNINITIALIZED_AUTOS = YES_AGGRESSIVE;
				GCC_WARN_UNUSED_FUNCTION = YES;
				GCC_WARN_UNUSED_VARIABLE = YES;
				IPHONEOS_DEPLOYMENT_TARGET = 10.3;
				MTL_ENABLE_DEBUG_INFO = NO;
				SDKROOT = iphoneos;
				SWIFT_OPTIMIZATION_LEVEL = "-Owholemodule";
				VALIDATE_PRODUCT = YES;
			};
			name = Release;
		};
		18BC14E11F1F173500F533FA /* Debug */ = {
			isa = XCBuildConfiguration;
			baseConfigurationReference = FA931FEAE4674FC57F438CFA /* Pods-SimpleTableView.debug.xcconfig */;
			buildSettings = {
				ASSETCATALOG_COMPILER_APPICON_NAME = AppIcon;
				DEVELOPMENT_TEAM = W2MFT9HK9F;
				INFOPLIST_FILE = SimpleTableView/Info.plist;
				LD_RUNPATH_SEARCH_PATHS = "$(inherited) @executable_path/Frameworks";
				PRODUCT_BUNDLE_IDENTIFIER = com.greatwall.SimpleTableView;
				PRODUCT_NAME = "$(TARGET_NAME)";
				SWIFT_VERSION = 3.0;
			};
			name = Debug;
		};
		18BC14E21F1F173500F533FA /* Release */ = {
			isa = XCBuildConfiguration;
			baseConfigurationReference = 192717E4BE1BCA1AC50B965A /* Pods-SimpleTableView.release.xcconfig */;
			buildSettings = {
				ASSETCATALOG_COMPILER_APPICON_NAME = AppIcon;
				DEVELOPMENT_TEAM = W2MFT9HK9F;
				INFOPLIST_FILE = SimpleTableView/Info.plist;
				LD_RUNPATH_SEARCH_PATHS = "$(inherited) @executable_path/Frameworks";
				PRODUCT_BUNDLE_IDENTIFIER = com.greatwall.SimpleTableView;
				PRODUCT_NAME = "$(TARGET_NAME)";
				SWIFT_VERSION = 3.0;
			};
			name = Release;
		};
/* End XCBuildConfiguration section */

/* Begin XCConfigurationList section */
		18BC14C61F1F173500F533FA /* Build configuration list for PBXProject "SimpleTableView" */ = {
			isa = XCConfigurationList;
			buildConfigurations = (
				18BC14DE1F1F173500F533FA /* Debug */,
				18BC14DF1F1F173500F533FA /* Release */,
			);
			defaultConfigurationIsVisible = 0;
			defaultConfigurationName = Release;
		};
		18BC14E01F1F173500F533FA /* Build configuration list for PBXNativeTarget "SimpleTableView" */ = {
			isa = XCConfigurationList;
			buildConfigurations = (
				18BC14E11F1F173500F533FA /* Debug */,
				18BC14E21F1F173500F533FA /* Release */,
			);
			defaultConfigurationIsVisible = 0;
			defaultConfigurationName = Release;
		};
/* End XCConfigurationList section */

/* Begin XCVersionGroup section */
		18BC14D51F1F173500F533FA /* SimpleTableView.xcdatamodeld */ = {
			isa = XCVersionGroup;
			children = (
				18BC14D61F1F173500F533FA /* SimpleTableView.xcdatamodel */,
			);
			currentVersion = 18BC14D61F1F173500F533FA /* SimpleTableView.xcdatamodel */;
			path = SimpleTableView.xcdatamodeld;
			sourceTree = "<group>";
			versionGroupType = wrapper.xcdatamodel;
		};
/* End XCVersionGroup section */
	};
	rootObject = 18BC14C31F1F173500F533FA /* Project object */;
}
